
Microsoft Visual Studio Solution File, Format Version 12.00
# Visual Studio Version 17
VisualStudioVersion = 17.3.32922.545
MinimumVisualStudioVersion = 10.0.40219.1
Project("{9A19103F-16F7-4668-BE54-9A1E7A4F7556}") = "Lab4", "Lab4\Lab4.csproj", "{C25A3C1B-C4CD-434D-96C4-BA7080303085}"
EndProject
Project("{9A19103F-16F7-4668-BE54-9A1E7A4F7556}") = "ClassLibrary", "ClassLibrary\ClassLibrary.csproj", "{8877D64D-344B-4CD3-86DC-98EE74F9A9A5}"
EndProject
Project("{9A19103F-16F7-4668-BE54-9A1E7A4F7556}") = "ServerTest", "ServerTest\ServerTest.csproj", "{AE2B0815-465B-4F67-9D35-326B2DCF9C2F}"
EndProject
Global
	GlobalSection(SolutionConfigurationPlatforms) = preSolution
		Debug|Any CPU = Debug|Any CPU
		Release|Any CPU = Release|Any CPU
	EndGlobalSection
	GlobalSection(ProjectConfigurationPlatforms) = postSolution
		{C25A3C1B-C4CD-434D-96C4-BA7080303085}.Debug|Any CPU.ActiveCfg = Debug|Any CPU
		{C25A3C1B-C4CD-434D-96C4-BA7080303085}.Debug|Any CPU.Build.0 = Debug|Any CPU
		{C25A3C1B-C4CD-434D-96C4-BA7080303085}.Release|Any CPU.ActiveCfg = Release|Any CPU
		{C25A3C1B-C4CD-434D-96C4-BA7080303085}.Release|Any CPU.Build.0 = Release|Any CPU
		{8877D64D-344B-4CD3-86DC-98EE74F9A9A5}.Debug|Any CPU.ActiveCfg = Debug|Any CPU
		{8877D64D-344B-4CD3-86DC-98EE74F9A9A5}.Debug|Any CPU.Build.0 = Debug|Any CPU
		{8877D64D-344B-4CD3-86DC-98EE74F9A9A5}.Release|Any CPU.ActiveCfg = Release|Any CPU
		{8877D64D-344B-4CD3-86DC-98EE74F9A9A5}.Release|Any CPU.Build.0 = Release|Any CPU
		{AE2B0815-465B-4F67-9D35-326B2DCF9C2F}.Debug|Any CPU.ActiveCfg = Debug|Any CPU
		{AE2B0815-465B-4F67-9D35-326B2DCF9C2F}.Debug|Any CPU.Build.0 = Debug|Any CPU
		{AE2B0815-465B-4F67-9D35-326B2DCF9C2F}.Release|Any CPU.ActiveCfg = Release|Any CPU
		{AE2B0815-465B-4F67-9D35-326B2DCF9C2F}.Release|Any CPU.Build.0 = Release|Any CPU
	EndGlobalSection
	GlobalSection(SolutionProperties) = preSolution
		HideSolutionNode = FALSE
	EndGlobalSection
	GlobalSection(ExtensibilityGlobals) = postSolution
		SolutionGuid = {A80DCE85-65C3-4BC6-B9F6-5FE074DFC6FA}
	EndGlobalSection
EndGlobal
